
Microsoft Visual Studio Solution File, Format Version 12.00
# Visual Studio 14
VisualStudioVersion = 14.0.24720.0
MinimumVisualStudioVersion = 10.0.40219.1
Project("{FAE04EC0-301F-11D3-BF4B-00C04F79EFBC}") = "VV.Web.Engine.Tests", "SampleMultitenantWebApp.Tests\VV.Web.Engine.Tests.csproj", "{1B39AD71-9410-457E-8502-EE2293E0E6CC}"
EndProject
Project("{FAE04EC0-301F-11D3-BF4B-00C04F79EFBC}") = "VV.Utilities", "VV.Utilities\VV.Utilities.csproj", "{CE584ABC-CF1E-4D34-86CD-EBD5D2DB97CC}"
EndProject
Project("{FAE04EC0-301F-11D3-BF4B-00C04F79EFBC}") = "VV.Middlewares", "VV.Middlewares\VV.Middlewares.csproj", "{349B6756-880F-4E77-9CD7-8CAD2B281CB6}"
EndProject
Project("{FAE04EC0-301F-11D3-BF4B-00C04F79EFBC}") = "VV.DataObjects", "VV.DataObjects\VV.DataObjects.csproj", "{524A322E-0309-4362-A2A4-EECB44642B19}"
EndProject
Project("{2150E333-8FDC-42A3-9474-1A3956D46DE8}") = "Solution Items", "Solution Items", "{29CC4022-5FCE-45FC-8215-F01E1522ED43}"
	ProjectSection(SolutionItems) = preProject
		global.json = global.json
	EndProjectSection
EndProject
Project("{FAE04EC0-301F-11D3-BF4B-00C04F79EFBC}") = "VV.Web.SelfHosted", "VV.Web.SelfHosted\VV.Web.SelfHosted.csproj", "{A5F71E1B-B152-4932-AA59-5B0D004FC081}"
EndProject
Project("{FAE04EC0-301F-11D3-BF4B-00C04F79EFBC}") = "VV.Web.Core", "VV.Web.Core\VV.Web.Core.csproj", "{0F4D825A-3FED-46D0-AD07-42705CB2DC47}"
EndProject
Project("{FAE04EC0-301F-11D3-BF4B-00C04F79EFBC}") = "VV.Web.Models", "VV.Web.Models\VV.Web.Models.csproj", "{E87EEB19-D79E-4A1F-9EBC-F0E74AEF85DF}"
EndProject
Project("{FAE04EC0-301F-11D3-BF4B-00C04F79EFBC}") = "VV.Web.Api", "VV.Web.Api\VV.Web.Api.csproj", "{1A205E7A-60D5-4EFB-8F1D-C366492E90CE}"
EndProject
Project("{FAE04EC0-301F-11D3-BF4B-00C04F79EFBC}") = "VV.Web.DataAccess", "VV.Web.DataAccess\VV.Web.DataAccess.csproj", "{9E3FEE29-BF89-4114-B710-CFD44B7A0C95}"
EndProject
Project("{FAE04EC0-301F-11D3-BF4B-00C04F79EFBC}") = "VV.Proxy", "VV.Proxy\VV.Proxy.csproj", "{AE7C754E-6D6D-4B12-812E-6AFF9F08638D}"
EndProject
Project("{FAE04EC0-301F-11D3-BF4B-00C04F79EFBC}") = "VV.Web.Auth", "VV.Web.Auth\VV.Web.Auth.csproj", "{6D64A8F6-7FBA-4CA0-9F70-6C7EA6AD57F3}"
EndProject
Project("{FAE04EC0-301F-11D3-BF4B-00C04F79EFBC}") = "VV.Web.Server", "VV.Web.DataModel\VV.Web.Server.csproj", "{CE2D2B32-38E1-4793-AAA8-01EDA7C03523}"
EndProject
Project("{FAE04EC0-301F-11D3-BF4B-00C04F79EFBC}") = "VV.Web.PostbackClient", "VV.Web.PostbackClient\VV.Web.PostbackClient.csproj", "{DC377C60-5755-42C6-809F-AC1F92C7EA9B}"
EndProject
Project("{FAE04EC0-301F-11D3-BF4B-00C04F79EFBC}") = "VV.Web.Engine", "VV.Web.Engine\VV.Web.Engine.csproj", "{2C525FF2-405D-4C96-BA81-5326C329DA62}"
EndProject
Project("{FAE04EC0-301F-11D3-BF4B-00C04F79EFBC}") = "VV.Web.IIS", "VV.Web.IIS\VV.Web.IIS.csproj", "{42008D93-C22C-412A-8F00-A166F5A9006D}"
EndProject
Global
	GlobalSection(SolutionConfigurationPlatforms) = preSolution
		Debug|Any CPU = Debug|Any CPU
		Debug|x86 = Debug|x86
		Release|Any CPU = Release|Any CPU
		Release|x86 = Release|x86
	EndGlobalSection
	GlobalSection(ProjectConfigurationPlatforms) = postSolution
		{1B39AD71-9410-457E-8502-EE2293E0E6CC}.Debug|Any CPU.ActiveCfg = Debug|Any CPU
		{1B39AD71-9410-457E-8502-EE2293E0E6CC}.Debug|Any CPU.Build.0 = Debug|Any CPU
		{1B39AD71-9410-457E-8502-EE2293E0E6CC}.Debug|x86.ActiveCfg = Debug|Any CPU
		{1B39AD71-9410-457E-8502-EE2293E0E6CC}.Debug|x86.Build.0 = Debug|Any CPU
		{1B39AD71-9410-457E-8502-EE2293E0E6CC}.Release|Any CPU.ActiveCfg = Release|Any CPU
		{1B39AD71-9410-457E-8502-EE2293E0E6CC}.Release|Any CPU.Build.0 = Release|Any CPU
		{1B39AD71-9410-457E-8502-EE2293E0E6CC}.Release|x86.ActiveCfg = Release|Any CPU
		{1B39AD71-9410-457E-8502-EE2293E0E6CC}.Release|x86.Build.0 = Release|Any CPU
		{CE584ABC-CF1E-4D34-86CD-EBD5D2DB97CC}.Debug|Any CPU.ActiveCfg = Debug|Any CPU
		{CE584ABC-CF1E-4D34-86CD-EBD5D2DB97CC}.Debug|Any CPU.Build.0 = Debug|Any CPU
		{CE584ABC-CF1E-4D34-86CD-EBD5D2DB97CC}.Debug|x86.ActiveCfg = Debug|x86
		{CE584ABC-CF1E-4D34-86CD-EBD5D2DB97CC}.Debug|x86.Build.0 = Debug|x86
		{CE584ABC-CF1E-4D34-86CD-EBD5D2DB97CC}.Release|Any CPU.ActiveCfg = Release|Any CPU
		{CE584ABC-CF1E-4D34-86CD-EBD5D2DB97CC}.Release|Any CPU.Build.0 = Release|Any CPU
		{CE584ABC-CF1E-4D34-86CD-EBD5D2DB97CC}.Release|x86.ActiveCfg = Release|x86
		{CE584ABC-CF1E-4D34-86CD-EBD5D2DB97CC}.Release|x86.Build.0 = Release|x86
		{349B6756-880F-4E77-9CD7-8CAD2B281CB6}.Debug|Any CPU.ActiveCfg = Debug|Any CPU
		{349B6756-880F-4E77-9CD7-8CAD2B281CB6}.Debug|Any CPU.Build.0 = Debug|Any CPU
		{349B6756-880F-4E77-9CD7-8CAD2B281CB6}.Debug|x86.ActiveCfg = Debug|Any CPU
		{349B6756-880F-4E77-9CD7-8CAD2B281CB6}.Debug|x86.Build.0 = Debug|Any CPU
		{349B6756-880F-4E77-9CD7-8CAD2B281CB6}.Release|Any CPU.ActiveCfg = Release|Any CPU
		{349B6756-880F-4E77-9CD7-8CAD2B281CB6}.Release|Any CPU.Build.0 = Release|Any CPU
		{349B6756-880F-4E77-9CD7-8CAD2B281CB6}.Release|x86.ActiveCfg = Release|Any CPU
		{349B6756-880F-4E77-9CD7-8CAD2B281CB6}.Release|x86.Build.0 = Release|Any CPU
		{524A322E-0309-4362-A2A4-EECB44642B19}.Debug|Any CPU.ActiveCfg = Debug|Any CPU
		{524A322E-0309-4362-A2A4-EECB44642B19}.Debug|Any CPU.Build.0 = Debug|Any CPU
		{524A322E-0309-4362-A2A4-EECB44642B19}.Debug|x86.ActiveCfg = Debug|x86
		{524A322E-0309-4362-A2A4-EECB44642B19}.Debug|x86.Build.0 = Debug|x86
		{524A322E-0309-4362-A2A4-EECB44642B19}.Release|Any CPU.ActiveCfg = Release|Any CPU
		{524A322E-0309-4362-A2A4-EECB44642B19}.Release|Any CPU.Build.0 = Release|Any CPU
		{524A322E-0309-4362-A2A4-EECB44642B19}.Release|x86.ActiveCfg = Release|x86
		{524A322E-0309-4362-A2A4-EECB44642B19}.Release|x86.Build.0 = Release|x86
		{A5F71E1B-B152-4932-AA59-5B0D004FC081}.Debug|Any CPU.ActiveCfg = Debug|Any CPU
		{A5F71E1B-B152-4932-AA59-5B0D004FC081}.Debug|Any CPU.Build.0 = Debug|Any CPU
		{A5F71E1B-B152-4932-AA59-5B0D004FC081}.Debug|x86.ActiveCfg = Debug|Any CPU
		{A5F71E1B-B152-4932-AA59-5B0D004FC081}.Debug|x86.Build.0 = Debug|Any CPU
		{A5F71E1B-B152-4932-AA59-5B0D004FC081}.Release|Any CPU.ActiveCfg = Release|Any CPU
		{A5F71E1B-B152-4932-AA59-5B0D004FC081}.Release|x86.ActiveCfg = Release|Any CPU
		{A5F71E1B-B152-4932-AA59-5B0D004FC081}.Release|x86.Build.0 = Release|Any CPU
		{0F4D825A-3FED-46D0-AD07-42705CB2DC47}.Debug|Any CPU.ActiveCfg = Debug|Any CPU
		{0F4D825A-3FED-46D0-AD07-42705CB2DC47}.Debug|Any CPU.Build.0 = Debug|Any CPU
		{0F4D825A-3FED-46D0-AD07-42705CB2DC47}.Debug|x86.ActiveCfg = Debug|Any CPU
		{0F4D825A-3FED-46D0-AD07-42705CB2DC47}.Debug|x86.Build.0 = Debug|Any CPU
		{0F4D825A-3FED-46D0-AD07-42705CB2DC47}.Release|Any CPU.ActiveCfg = Release|Any CPU
		{0F4D825A-3FED-46D0-AD07-42705CB2DC47}.Release|Any CPU.Build.0 = Release|Any CPU
		{0F4D825A-3FED-46D0-AD07-42705CB2DC47}.Release|x86.ActiveCfg = Release|Any CPU
		{0F4D825A-3FED-46D0-AD07-42705CB2DC47}.Release|x86.Build.0 = Release|Any CPU
		{E87EEB19-D79E-4A1F-9EBC-F0E74AEF85DF}.Debug|Any CPU.ActiveCfg = Debug|Any CPU
		{E87EEB19-D79E-4A1F-9EBC-F0E74AEF85DF}.Debug|Any CPU.Build.0 = Debug|Any CPU
		{E87EEB19-D79E-4A1F-9EBC-F0E74AEF85DF}.Debug|x86.ActiveCfg = Debug|Any CPU
		{E87EEB19-D79E-4A1F-9EBC-F0E74AEF85DF}.Debug|x86.Build.0 = Debug|Any CPU
		{E87EEB19-D79E-4A1F-9EBC-F0E74AEF85DF}.Release|Any CPU.ActiveCfg = Release|Any CPU
		{E87EEB19-D79E-4A1F-9EBC-F0E74AEF85DF}.Release|Any CPU.Build.0 = Release|Any CPU
		{E87EEB19-D79E-4A1F-9EBC-F0E74AEF85DF}.Release|x86.ActiveCfg = Release|Any CPU
		{E87EEB19-D79E-4A1F-9EBC-F0E74AEF85DF}.Release|x86.Build.0 = Release|Any CPU
		{1A205E7A-60D5-4EFB-8F1D-C366492E90CE}.Debug|Any CPU.ActiveCfg = Debug|Any CPU
		{1A205E7A-60D5-4EFB-8F1D-C366492E90CE}.Debug|Any CPU.Build.0 = Debug|Any CPU
		{1A205E7A-60D5-4EFB-8F1D-C366492E90CE}.Debug|x86.ActiveCfg = Debug|Any CPU
		{1A205E7A-60D5-4EFB-8F1D-C366492E90CE}.Debug|x86.Build.0 = Debug|Any CPU
		{1A205E7A-60D5-4EFB-8F1D-C366492E90CE}.Release|Any CPU.ActiveCfg = Release|Any CPU
		{1A205E7A-60D5-4EFB-8F1D-C366492E90CE}.Release|Any CPU.Build.0 = Release|Any CPU
		{1A205E7A-60D5-4EFB-8F1D-C366492E90CE}.Release|x86.ActiveCfg = Release|Any CPU
		{1A205E7A-60D5-4EFB-8F1D-C366492E90CE}.Release|x86.Build.0 = Release|Any CPU
		{9E3FEE29-BF89-4114-B710-CFD44B7A0C95}.Debug|Any CPU.ActiveCfg = Debug|Any CPU
		{9E3FEE29-BF89-4114-B710-CFD44B7A0C95}.Debug|Any CPU.Build.0 = Debug|Any CPU
		{9E3FEE29-BF89-4114-B710-CFD44B7A0C95}.Debug|x86.ActiveCfg = Debug|Any CPU
		{9E3FEE29-BF89-4114-B710-CFD44B7A0C95}.Debug|x86.Build.0 = Debug|Any CPU
		{9E3FEE29-BF89-4114-B710-CFD44B7A0C95}.Release|Any CPU.ActiveCfg = Release|Any CPU
		{9E3FEE29-BF89-4114-B710-CFD44B7A0C95}.Release|Any CPU.Build.0 = Release|Any CPU
		{9E3FEE29-BF89-4114-B710-CFD44B7A0C95}.Release|x86.ActiveCfg = Release|Any CPU
		{9E3FEE29-BF89-4114-B710-CFD44B7A0C95}.Release|x86.Build.0 = Release|Any CPU
		{AE7C754E-6D6D-4B12-812E-6AFF9F08638D}.Debug|Any CPU.ActiveCfg = Debug|Any CPU
		{AE7C754E-6D6D-4B12-812E-6AFF9F08638D}.Debug|Any CPU.Build.0 = Debug|Any CPU
		{AE7C754E-6D6D-4B12-812E-6AFF9F08638D}.Debug|x86.ActiveCfg = Debug|Any CPU
		{AE7C754E-6D6D-4B12-812E-6AFF9F08638D}.Debug|x86.Build.0 = Debug|Any CPU
		{AE7C754E-6D6D-4B12-812E-6AFF9F08638D}.Release|Any CPU.ActiveCfg = Release|Any CPU
		{AE7C754E-6D6D-4B12-812E-6AFF9F08638D}.Release|Any CPU.Build.0 = Release|Any CPU
		{AE7C754E-6D6D-4B12-812E-6AFF9F08638D}.Release|x86.ActiveCfg = Release|Any CPU
		{AE7C754E-6D6D-4B12-812E-6AFF9F08638D}.Release|x86.Build.0 = Release|Any CPU
		{6D64A8F6-7FBA-4CA0-9F70-6C7EA6AD57F3}.Debug|Any CPU.ActiveCfg = Debug|Any CPU
		{6D64A8F6-7FBA-4CA0-9F70-6C7EA6AD57F3}.Debug|Any CPU.Build.0 = Debug|Any CPU
		{6D64A8F6-7FBA-4CA0-9F70-6C7EA6AD57F3}.Debug|x86.ActiveCfg = Debug|Any CPU
		{6D64A8F6-7FBA-4CA0-9F70-6C7EA6AD57F3}.Debug|x86.Build.0 = Debug|Any CPU
		{6D64A8F6-7FBA-4CA0-9F70-6C7EA6AD57F3}.Release|Any CPU.ActiveCfg = Release|Any CPU
		{6D64A8F6-7FBA-4CA0-9F70-6C7EA6AD57F3}.Release|Any CPU.Build.0 = Release|Any CPU
		{6D64A8F6-7FBA-4CA0-9F70-6C7EA6AD57F3}.Release|x86.ActiveCfg = Release|Any CPU
		{6D64A8F6-7FBA-4CA0-9F70-6C7EA6AD57F3}.Release|x86.Build.0 = Release|Any CPU
		{CE2D2B32-38E1-4793-AAA8-01EDA7C03523}.Debug|Any CPU.ActiveCfg = Debug|Any CPU
		{CE2D2B32-38E1-4793-AAA8-01EDA7C03523}.Debug|Any CPU.Build.0 = Debug|Any CPU
		{CE2D2B32-38E1-4793-AAA8-01EDA7C03523}.Debug|x86.ActiveCfg = Debug|Any CPU
		{CE2D2B32-38E1-4793-AAA8-01EDA7C03523}.Debug|x86.Build.0 = Debug|Any CPU
		{CE2D2B32-38E1-4793-AAA8-01EDA7C03523}.Release|Any CPU.ActiveCfg = Release|Any CPU
		{CE2D2B32-38E1-4793-AAA8-01EDA7C03523}.Release|Any CPU.Build.0 = Release|Any CPU
		{CE2D2B32-38E1-4793-AAA8-01EDA7C03523}.Release|x86.ActiveCfg = Release|Any CPU
		{CE2D2B32-38E1-4793-AAA8-01EDA7C03523}.Release|x86.Build.0 = Release|Any CPU
		{DC377C60-5755-42C6-809F-AC1F92C7EA9B}.Debug|Any CPU.ActiveCfg = Debug|Any CPU
		{DC377C60-5755-42C6-809F-AC1F92C7EA9B}.Debug|Any CPU.Build.0 = Debug|Any CPU
		{DC377C60-5755-42C6-809F-AC1F92C7EA9B}.Debug|x86.ActiveCfg = Debug|Any CPU
		{DC377C60-5755-42C6-809F-AC1F92C7EA9B}.Debug|x86.Build.0 = Debug|Any CPU
		{DC377C60-5755-42C6-809F-AC1F92C7EA9B}.Release|Any CPU.ActiveCfg = Release|Any CPU
		{DC377C60-5755-42C6-809F-AC1F92C7EA9B}.Release|Any CPU.Build.0 = Release|Any CPU
		{DC377C60-5755-42C6-809F-AC1F92C7EA9B}.Release|x86.ActiveCfg = Release|Any CPU
		{DC377C60-5755-42C6-809F-AC1F92C7EA9B}.Release|x86.Build.0 = Release|Any CPU
		{2C525FF2-405D-4C96-BA81-5326C329DA62}.Debug|Any CPU.ActiveCfg = Debug|Any CPU
		{2C525FF2-405D-4C96-BA81-5326C329DA62}.Debug|Any CPU.Build.0 = Debug|Any CPU
		{2C525FF2-405D-4C96-BA81-5326C329DA62}.Debug|x86.ActiveCfg = Debug|Any CPU
		{2C525FF2-405D-4C96-BA81-5326C329DA62}.Debug|x86.Build.0 = Debug|Any CPU
		{2C525FF2-405D-4C96-BA81-5326C329DA62}.Release|Any CPU.ActiveCfg = Release|Any CPU
		{2C525FF2-405D-4C96-BA81-5326C329DA62}.Release|Any CPU.Build.0 = Release|Any CPU
		{2C525FF2-405D-4C96-BA81-5326C329DA62}.Release|x86.ActiveCfg = Release|Any CPU
		{2C525FF2-405D-4C96-BA81-5326C329DA62}.Release|x86.Build.0 = Release|Any CPU
		{42008D93-C22C-412A-8F00-A166F5A9006D}.Debug|Any CPU.ActiveCfg = Debug|Any CPU
		{42008D93-C22C-412A-8F00-A166F5A9006D}.Debug|Any CPU.Build.0 = Debug|Any CPU
		{42008D93-C22C-412A-8F00-A166F5A9006D}.Debug|x86.ActiveCfg = Debug|Any CPU
		{42008D93-C22C-412A-8F00-A166F5A9006D}.Debug|x86.Build.0 = Debug|Any CPU
		{42008D93-C22C-412A-8F00-A166F5A9006D}.Release|Any CPU.ActiveCfg = Release|Any CPU
		{42008D93-C22C-412A-8F00-A166F5A9006D}.Release|Any CPU.Build.0 = Release|Any CPU
		{42008D93-C22C-412A-8F00-A166F5A9006D}.Release|x86.ActiveCfg = Release|Any CPU
		{42008D93-C22C-412A-8F00-A166F5A9006D}.Release|x86.Build.0 = Release|Any CPU
	EndGlobalSection
	GlobalSection(SolutionProperties) = preSolution
		HideSolutionNode = FALSE
	EndGlobalSection
	GlobalSection(NestedProjects) = preSolution
		{42008D93-C22C-412A-8F00-A166F5A9006D} = {29CC4022-5FCE-45FC-8215-F01E1522ED43}
	EndGlobalSection
EndGlobal
